// !$*UTF8*$!
{
	archiveVersion = 1;
	classes = {
	};
	objectVersion = 46;
	objects = {

/* Begin PBXBuildFile section */
		00B4CF3C873F959FED3F5DE1 /* ListPresenterTests.swift in Sources */ = {isa = PBXBuildFile; fileRef = 18D65B5CCB2A990F8EE4D66A /* ListPresenterTests.swift */; };
		051AEC57FB693E0A2EE06D25 /* ListInteractor.swift in Sources */ = {isa = PBXBuildFile; fileRef = 71AEACDB440AFCB09440EA2E /* ListInteractor.swift */; };
		0B65826E75C14B5D4D07F5E1 /* ListViewInput.swift in Sources */ = {isa = PBXBuildFile; fileRef = 91E6C8AF9B866BDCB4E86373 /* ListViewInput.swift */; };
		17777FF0096FB4F951EED00F /* ListViewController.swift in Sources */ = {isa = PBXBuildFile; fileRef = 286068DB280E7F25C1F5C823 /* ListViewController.swift */; };
		23CC4CA3BDE5C4510FE9F466 /* ListRouter.swift in Sources */ = {isa = PBXBuildFile; fileRef = B02EB539621A6EEA00A056E8 /* ListRouter.swift */; };
		37BE848A19EEC6D43ADE41A8 /* ListRouterInput.swift in Sources */ = {isa = PBXBuildFile; fileRef = 0D5FBAECD2AB79F4EE49A52E /* ListRouterInput.swift */; };
		4F215EDC0245FEBE6EE8F738 /* ListConfigurator.swift in Sources */ = {isa = PBXBuildFile; fileRef = 6AF329BDEAC31743A79B2AB9 /* ListConfigurator.swift */; };
		5381F2B666783256BF95456C /* ListPresenter.swift in Sources */ = {isa = PBXBuildFile; fileRef = FF0619BEF3DCEC50EC9C3B75 /* ListPresenter.swift */; };
		55348B37FFACDB0C7AA15837 /* ListRouterTests.swift in Sources */ = {isa = PBXBuildFile; fileRef = 0630DF57174A692E62C796F7 /* ListRouterTests.swift */; };
		5A96C7BA5988B25D1D263344 /* ListInteractorOutput.swift in Sources */ = {isa = PBXBuildFile; fileRef = 5F168059357DF6F88120BD85 /* ListInteractorOutput.swift */; };
		5E7CDC0BCB56BB63A9BA7AE2 /* ListConfiguratorTests.swift in Sources */ = {isa = PBXBuildFile; fileRef = 780E93DF2D9A258CBCC75CA7 /* ListConfiguratorTests.swift */; };
		679C8FCEB292A751115E9A61 /* ListInteractorInput.swift in Sources */ = {isa = PBXBuildFile; fileRef = 944DE606CB0611CBECC28D90 /* ListInteractorInput.swift */; };
		754A8FB24172E64267E58AE5 /* ListViewController.xib in Resources */ = {isa = PBXBuildFile; fileRef = 6A52E8CACA5C91A994329F4D /* ListViewController.xib */; };
		91FFE0E2334C5DC5D9249336 /* ListViewOutput.swift in Sources */ = {isa = PBXBuildFile; fileRef = 4B83F1760F861F1DD446C298 /* ListViewOutput.swift */; };
		CE64F0501F1A0DF300D67CAD /* AppDelegate.swift in Sources */ = {isa = PBXBuildFile; fileRef = CE64F04F1F1A0DF300D67CAD /* AppDelegate.swift */; };
		CE64F0571F1A0DF300D67CAD /* Assets.xcassets in Resources */ = {isa = PBXBuildFile; fileRef = CE64F0561F1A0DF300D67CAD /* Assets.xcassets */; };
		CE64F05A1F1A0DF300D67CAD /* LaunchScreen.storyboard in Resources */ = {isa = PBXBuildFile; fileRef = CE64F0581F1A0DF300D67CAD /* LaunchScreen.storyboard */; };
		CE64F0651F1A0DF400D67CAD /* testTests.swift in Sources */ = {isa = PBXBuildFile; fileRef = CE64F0641F1A0DF400D67CAD /* testTests.swift */; };
		CE64F07F1F1A13F500D67CAD /* AMScrollingNavbar.framework in Frameworks */ = {isa = PBXBuildFile; fileRef = CE64F0781F1A13F500D67CAD /* AMScrollingNavbar.framework */; };
		CE64F0801F1A13F500D67CAD /* Kingfisher.framework in Frameworks */ = {isa = PBXBuildFile; fileRef = CE64F0791F1A13F500D67CAD /* Kingfisher.framework */; };
		CE64F0831F1A13F500D67CAD /* Realm.framework in Frameworks */ = {isa = PBXBuildFile; fileRef = CE64F07C1F1A13F500D67CAD /* Realm.framework */; };
		CE64F0841F1A13F500D67CAD /* RealmSwift.framework in Frameworks */ = {isa = PBXBuildFile; fileRef = CE64F07D1F1A13F500D67CAD /* RealmSwift.framework */; };
		CE64F0851F1A13F500D67CAD /* Swinject.framework in Frameworks */ = {isa = PBXBuildFile; fileRef = CE64F07E1F1A13F500D67CAD /* Swinject.framework */; };
		CE64F0871F1A14AC00D67CAD /* Nimble.framework in Frameworks */ = {isa = PBXBuildFile; fileRef = CE64F07A1F1A13F500D67CAD /* Nimble.framework */; };
		CE64F0881F1A14AC00D67CAD /* Quick.framework in Frameworks */ = {isa = PBXBuildFile; fileRef = CE64F07B1F1A13F500D67CAD /* Quick.framework */; };
		CE64F08A1F1A14BB00D67CAD /* XCTest.framework in Frameworks */ = {isa = PBXBuildFile; fileRef = CE64F0891F1A14BB00D67CAD /* XCTest.framework */; };
		CE64F08E1F1A154B00D67CAD /* MainContainer.swift in Sources */ = {isa = PBXBuildFile; fileRef = CE64F08D1F1A154B00D67CAD /* MainContainer.swift */; };
		CE64F0901F1A155400D67CAD /* Global.swift in Sources */ = {isa = PBXBuildFile; fileRef = CE64F08F1F1A155400D67CAD /* Global.swift */; };
		CE64F09D1F1A176700D67CAD /* NetworkService.swift in Sources */ = {isa = PBXBuildFile; fileRef = CE64F09C1F1A176700D67CAD /* NetworkService.swift */; };
		CE64F09F1F1A178200D67CAD /* NetworkServiceImpl.swift in Sources */ = {isa = PBXBuildFile; fileRef = CE64F09E1F1A178200D67CAD /* NetworkServiceImpl.swift */; };
		CE64F0A11F1A17BB00D67CAD /* Mappable.swift in Sources */ = {isa = PBXBuildFile; fileRef = CE64F0A01F1A17BB00D67CAD /* Mappable.swift */; };
		CE64F0A31F1A183700D67CAD /* Result.swift in Sources */ = {isa = PBXBuildFile; fileRef = CE64F0A21F1A183700D67CAD /* Result.swift */; };
		CE64F0A61F1A18E500D67CAD /* Const.swift in Sources */ = {isa = PBXBuildFile; fileRef = CE64F0A51F1A18E500D67CAD /* Const.swift */; };
		CE64F0A81F1A18F600D67CAD /* Const+Network.swift in Sources */ = {isa = PBXBuildFile; fileRef = CE64F0A71F1A18F600D67CAD /* Const+Network.swift */; };
		CE64F0AA1F1A1AEC00D67CAD /* RealmService.swift in Sources */ = {isa = PBXBuildFile; fileRef = CE64F0A91F1A1AEC00D67CAD /* RealmService.swift */; };
		CE64F0AC1F1A1AFA00D67CAD /* RealmServiceImpl.swift in Sources */ = {isa = PBXBuildFile; fileRef = CE64F0AB1F1A1AFA00D67CAD /* RealmServiceImpl.swift */; };
		CE64F0AF1F1A1B6C00D67CAD /* FriendModel.swift in Sources */ = {isa = PBXBuildFile; fileRef = CE64F0AE1F1A1B6C00D67CAD /* FriendModel.swift */; };
		CE64F0B11F1A1B7A00D67CAD /* RFriendModel.swift in Sources */ = {isa = PBXBuildFile; fileRef = CE64F0B01F1A1B7A00D67CAD /* RFriendModel.swift */; };
		CE64F0B31F1A1B8700D67CAD /* FriendModelMapper.swift in Sources */ = {isa = PBXBuildFile; fileRef = CE64F0B21F1A1B8700D67CAD /* FriendModelMapper.swift */; };
		CE64F0B51F1A1B9500D67CAD /* Mapper.swift in Sources */ = {isa = PBXBuildFile; fileRef = CE64F0B41F1A1B9500D67CAD /* Mapper.swift */; };
		CE64F0BA1F1A1CD200D67CAD /* ListRepository.swift in Sources */ = {isa = PBXBuildFile; fileRef = CE64F0B91F1A1CD200D67CAD /* ListRepository.swift */; };
		CE64F0BE1F1A1D0700D67CAD /* BaseRepository.swift in Sources */ = {isa = PBXBuildFile; fileRef = CE64F0BD1F1A1D0700D67CAD /* BaseRepository.swift */; };
		CE64F0C01F1A1FCE00D67CAD /* RequestBuilder.swift in Sources */ = {isa = PBXBuildFile; fileRef = CE64F0BF1F1A1FCE00D67CAD /* RequestBuilder.swift */; };
		CE64F0C31F1A203200D67CAD /* Request.swift in Sources */ = {isa = PBXBuildFile; fileRef = CE64F0C21F1A203200D67CAD /* Request.swift */; };
		CE64F0C51F1A213600D67CAD /* HTTPMethod.swift in Sources */ = {isa = PBXBuildFile; fileRef = CE64F0C41F1A213600D67CAD /* HTTPMethod.swift */; };
		CE64F0C71F1A221700D67CAD /* VKAPI.swift in Sources */ = {isa = PBXBuildFile; fileRef = CE64F0C61F1A221700D67CAD /* VKAPI.swift */; };
		CE64F0C91F1A236600D67CAD /* Const+HTTPCode.swift in Sources */ = {isa = PBXBuildFile; fileRef = CE64F0C81F1A236600D67CAD /* Const+HTTPCode.swift */; };
		CE64F0CB1F1A23A500D67CAD /* LocalError.swift in Sources */ = {isa = PBXBuildFile; fileRef = CE64F0CA1F1A23A500D67CAD /* LocalError.swift */; };
		CE64F0CE1F1A243600D67CAD /* Data+serializeJSON.swift in Sources */ = {isa = PBXBuildFile; fileRef = CE64F0CD1F1A243600D67CAD /* Data+serializeJSON.swift */; };
		CE64F0D01F1A28DA00D67CAD /* ArrayHandler.swift in Sources */ = {isa = PBXBuildFile; fileRef = CE64F0CF1F1A28DA00D67CAD /* ArrayHandler.swift */; };
		CE64F0D21F1A297900D67CAD /* NewsLocalStorage.swift in Sources */ = {isa = PBXBuildFile; fileRef = CE64F0D11F1A297900D67CAD /* NewsLocalStorage.swift */; };
		CE64F0D71F1A2FDB00D67CAD /* ListCell.swift in Sources */ = {isa = PBXBuildFile; fileRef = CE64F0D51F1A2FDB00D67CAD /* ListCell.swift */; };
		CE64F0D81F1A2FDB00D67CAD /* ListCell.xib in Resources */ = {isa = PBXBuildFile; fileRef = CE64F0D61F1A2FDB00D67CAD /* ListCell.xib */; };
		DB0421F9BC61237A773B8C3F /* ListViewTests.swift in Sources */ = {isa = PBXBuildFile; fileRef = 8DAF9F5AD5089E01D31A50B0 /* ListViewTests.swift */; };
		DFD5B3829D3C991B1293F92B /* ListModuleInput.swift in Sources */ = {isa = PBXBuildFile; fileRef = 5B3B76B0B83FB4D9FA1B5258 /* ListModuleInput.swift */; };
		F819957618FBEC1CBB660B40 /* ListInteractorTests.swift in Sources */ = {isa = PBXBuildFile; fileRef = 35A09736081626020FEF48D8 /* ListInteractorTests.swift */; };
/* End PBXBuildFile section */

/* Begin PBXContainerItemProxy section */
		CE64F0611F1A0DF400D67CAD /* PBXContainerItemProxy */ = {
			isa = PBXContainerItemProxy;
			containerPortal = CE64F0441F1A0DF300D67CAD /* Project object */;
			proxyType = 1;
			remoteGlobalIDString = CE64F04B1F1A0DF300D67CAD;
			remoteInfo = test;
		};
/* End PBXContainerItemProxy section */

/* Begin PBXFileReference section */
		0630DF57174A692E62C796F7 /* ListRouterTests.swift */ = {isa = PBXFileReference; includeInIndex = 1; lastKnownFileType = sourcecode.swift; path = ListRouterTests.swift; sourceTree = "<group>"; };
		0D5FBAECD2AB79F4EE49A52E /* ListRouterInput.swift */ = {isa = PBXFileReference; includeInIndex = 1; lastKnownFileType = sourcecode.swift; path = ListRouterInput.swift; sourceTree = "<group>"; };
		18D65B5CCB2A990F8EE4D66A /* ListPresenterTests.swift */ = {isa = PBXFileReference; includeInIndex = 1; lastKnownFileType = sourcecode.swift; path = ListPresenterTests.swift; sourceTree = "<group>"; };
		286068DB280E7F25C1F5C823 /* ListViewController.swift */ = {isa = PBXFileReference; includeInIndex = 1; lastKnownFileType = sourcecode.swift; path = ListViewController.swift; sourceTree = "<group>"; };
		35A09736081626020FEF48D8 /* ListInteractorTests.swift */ = {isa = PBXFileReference; includeInIndex = 1; lastKnownFileType = sourcecode.swift; path = ListInteractorTests.swift; sourceTree = "<group>"; };
		4B83F1760F861F1DD446C298 /* ListViewOutput.swift */ = {isa = PBXFileReference; includeInIndex = 1; lastKnownFileType = sourcecode.swift; path = ListViewOutput.swift; sourceTree = "<group>"; };
		5B3B76B0B83FB4D9FA1B5258 /* ListModuleInput.swift */ = {isa = PBXFileReference; includeInIndex = 1; lastKnownFileType = sourcecode.swift; path = ListModuleInput.swift; sourceTree = "<group>"; };
		5F168059357DF6F88120BD85 /* ListInteractorOutput.swift */ = {isa = PBXFileReference; includeInIndex = 1; lastKnownFileType = sourcecode.swift; path = ListInteractorOutput.swift; sourceTree = "<group>"; };
		6A52E8CACA5C91A994329F4D /* ListViewController.xib */ = {isa = PBXFileReference; includeInIndex = 1; lastKnownFileType = file.xib; path = ListViewController.xib; sourceTree = "<group>"; };
		6AF329BDEAC31743A79B2AB9 /* ListConfigurator.swift */ = {isa = PBXFileReference; includeInIndex = 1; lastKnownFileType = sourcecode.swift; path = ListConfigurator.swift; sourceTree = "<group>"; };
		71AEACDB440AFCB09440EA2E /* ListInteractor.swift */ = {isa = PBXFileReference; includeInIndex = 1; lastKnownFileType = sourcecode.swift; path = ListInteractor.swift; sourceTree = "<group>"; };
		780E93DF2D9A258CBCC75CA7 /* ListConfiguratorTests.swift */ = {isa = PBXFileReference; includeInIndex = 1; lastKnownFileType = sourcecode.swift; path = ListConfiguratorTests.swift; sourceTree = "<group>"; };
		8DAF9F5AD5089E01D31A50B0 /* ListViewTests.swift */ = {isa = PBXFileReference; includeInIndex = 1; lastKnownFileType = sourcecode.swift; path = ListViewTests.swift; sourceTree = "<group>"; };
		91E6C8AF9B866BDCB4E86373 /* ListViewInput.swift */ = {isa = PBXFileReference; includeInIndex = 1; lastKnownFileType = sourcecode.swift; path = ListViewInput.swift; sourceTree = "<group>"; };
		944DE606CB0611CBECC28D90 /* ListInteractorInput.swift */ = {isa = PBXFileReference; includeInIndex = 1; lastKnownFileType = sourcecode.swift; path = ListInteractorInput.swift; sourceTree = "<group>"; };
		B02EB539621A6EEA00A056E8 /* ListRouter.swift */ = {isa = PBXFileReference; includeInIndex = 1; lastKnownFileType = sourcecode.swift; path = ListRouter.swift; sourceTree = "<group>"; };
		CE64F04C1F1A0DF300D67CAD /* test.app */ = {isa = PBXFileReference; explicitFileType = wrapper.application; includeInIndex = 0; path = test.app; sourceTree = BUILT_PRODUCTS_DIR; };
		CE64F04F1F1A0DF300D67CAD /* AppDelegate.swift */ = {isa = PBXFileReference; lastKnownFileType = sourcecode.swift; path = AppDelegate.swift; sourceTree = "<group>"; };
		CE64F0561F1A0DF300D67CAD /* Assets.xcassets */ = {isa = PBXFileReference; lastKnownFileType = folder.assetcatalog; path = Assets.xcassets; sourceTree = "<group>"; };
		CE64F0591F1A0DF300D67CAD /* Base */ = {isa = PBXFileReference; lastKnownFileType = file.storyboard; name = Base; path = Base.lproj/LaunchScreen.storyboard; sourceTree = "<group>"; };
		CE64F05B1F1A0DF300D67CAD /* Info.plist */ = {isa = PBXFileReference; lastKnownFileType = text.plist.xml; path = Info.plist; sourceTree = "<group>"; };
		CE64F0601F1A0DF400D67CAD /* testTests.xctest */ = {isa = PBXFileReference; explicitFileType = wrapper.cfbundle; includeInIndex = 0; path = testTests.xctest; sourceTree = BUILT_PRODUCTS_DIR; };
		CE64F0641F1A0DF400D67CAD /* testTests.swift */ = {isa = PBXFileReference; lastKnownFileType = sourcecode.swift; path = testTests.swift; sourceTree = "<group>"; };
		CE64F0661F1A0DF400D67CAD /* Info.plist */ = {isa = PBXFileReference; lastKnownFileType = text.plist.xml; path = Info.plist; sourceTree = "<group>"; };
		CE64F0781F1A13F500D67CAD /* AMScrollingNavbar.framework */ = {isa = PBXFileReference; lastKnownFileType = wrapper.framework; name = AMScrollingNavbar.framework; path = Carthage/Build/iOS/AMScrollingNavbar.framework; sourceTree = "<group>"; };
		CE64F0791F1A13F500D67CAD /* Kingfisher.framework */ = {isa = PBXFileReference; lastKnownFileType = wrapper.framework; name = Kingfisher.framework; path = Carthage/Build/iOS/Kingfisher.framework; sourceTree = "<group>"; };
		CE64F07A1F1A13F500D67CAD /* Nimble.framework */ = {isa = PBXFileReference; lastKnownFileType = wrapper.framework; name = Nimble.framework; path = Carthage/Build/iOS/Nimble.framework; sourceTree = "<group>"; };
		CE64F07B1F1A13F500D67CAD /* Quick.framework */ = {isa = PBXFileReference; lastKnownFileType = wrapper.framework; name = Quick.framework; path = Carthage/Build/iOS/Quick.framework; sourceTree = "<group>"; };
		CE64F07C1F1A13F500D67CAD /* Realm.framework */ = {isa = PBXFileReference; lastKnownFileType = wrapper.framework; name = Realm.framework; path = Carthage/Build/iOS/Realm.framework; sourceTree = "<group>"; };
		CE64F07D1F1A13F500D67CAD /* RealmSwift.framework */ = {isa = PBXFileReference; lastKnownFileType = wrapper.framework; name = RealmSwift.framework; path = Carthage/Build/iOS/RealmSwift.framework; sourceTree = "<group>"; };
		CE64F07E1F1A13F500D67CAD /* Swinject.framework */ = {isa = PBXFileReference; lastKnownFileType = wrapper.framework; name = Swinject.framework; path = Carthage/Build/iOS/Swinject.framework; sourceTree = "<group>"; };
		CE64F0891F1A14BB00D67CAD /* XCTest.framework */ = {isa = PBXFileReference; lastKnownFileType = wrapper.framework; name = XCTest.framework; path = Platforms/iPhoneOS.platform/Developer/Library/Frameworks/XCTest.framework; sourceTree = DEVELOPER_DIR; };
		CE64F08D1F1A154B00D67CAD /* MainContainer.swift */ = {isa = PBXFileReference; fileEncoding = 4; lastKnownFileType = sourcecode.swift; path = MainContainer.swift; sourceTree = "<group>"; };
		CE64F08F1F1A155400D67CAD /* Global.swift */ = {isa = PBXFileReference; fileEncoding = 4; lastKnownFileType = sourcecode.swift; path = Global.swift; sourceTree = "<group>"; };
		CE64F09C1F1A176700D67CAD /* NetworkService.swift */ = {isa = PBXFileReference; fileEncoding = 4; lastKnownFileType = sourcecode.swift; name = NetworkService.swift; path = Entity/BaseStorage/NetworkService.swift; sourceTree = "<group>"; };
		CE64F09E1F1A178200D67CAD /* NetworkServiceImpl.swift */ = {isa = PBXFileReference; fileEncoding = 4; lastKnownFileType = sourcecode.swift; name = NetworkServiceImpl.swift; path = Entity/BaseStorage/NetworkServiceImpl.swift; sourceTree = "<group>"; };
		CE64F0A01F1A17BB00D67CAD /* Mappable.swift */ = {isa = PBXFileReference; fileEncoding = 4; lastKnownFileType = sourcecode.swift; name = Mappable.swift; path = Entity/BaseStorage/Mappable.swift; sourceTree = "<group>"; };
		CE64F0A21F1A183700D67CAD /* Result.swift */ = {isa = PBXFileReference; fileEncoding = 4; lastKnownFileType = sourcecode.swift; name = Result.swift; path = Entity/Models/Result.swift; sourceTree = "<group>"; };
		CE64F0A51F1A18E500D67CAD /* Const.swift */ = {isa = PBXFileReference; fileEncoding = 4; lastKnownFileType = sourcecode.swift; name = Const.swift; path = Const/Const.swift; sourceTree = "<group>"; };
		CE64F0A71F1A18F600D67CAD /* Const+Network.swift */ = {isa = PBXFileReference; fileEncoding = 4; lastKnownFileType = sourcecode.swift; name = "Const+Network.swift"; path = "Const/Const+Network.swift"; sourceTree = "<group>"; };
		CE64F0A91F1A1AEC00D67CAD /* RealmService.swift */ = {isa = PBXFileReference; fileEncoding = 4; lastKnownFileType = sourcecode.swift; name = RealmService.swift; path = Entity/BaseStorage/RealmService.swift; sourceTree = "<group>"; };
		CE64F0AB1F1A1AFA00D67CAD /* RealmServiceImpl.swift */ = {isa = PBXFileReference; fileEncoding = 4; lastKnownFileType = sourcecode.swift; name = RealmServiceImpl.swift; path = Entity/BaseStorage/RealmServiceImpl.swift; sourceTree = "<group>"; };
		CE64F0AE1F1A1B6C00D67CAD /* FriendModel.swift */ = {isa = PBXFileReference; fileEncoding = 4; lastKnownFileType = sourcecode.swift; name = FriendModel.swift; path = Entity/Models/FriendModel.swift; sourceTree = "<group>"; };
		CE64F0B01F1A1B7A00D67CAD /* RFriendModel.swift */ = {isa = PBXFileReference; fileEncoding = 4; lastKnownFileType = sourcecode.swift; name = RFriendModel.swift; path = Entity/Models/RFriendModel.swift; sourceTree = "<group>"; };
		CE64F0B21F1A1B8700D67CAD /* FriendModelMapper.swift */ = {isa = PBXFileReference; fileEncoding = 4; lastKnownFileType = sourcecode.swift; name = FriendModelMapper.swift; path = Entity/Models/FriendModelMapper.swift; sourceTree = "<group>"; };
		CE64F0B41F1A1B9500D67CAD /* Mapper.swift */ = {isa = PBXFileReference; fileEncoding = 4; lastKnownFileType = sourcecode.swift; name = Mapper.swift; path = Entity/Models/Mapper.swift; sourceTree = "<group>"; };
		CE64F0B91F1A1CD200D67CAD /* ListRepository.swift */ = {isa = PBXFileReference; fileEncoding = 4; lastKnownFileType = sourcecode.swift; name = ListRepository.swift; path = Entity/Repository/ListRepository.swift; sourceTree = "<group>"; };
		CE64F0BD1F1A1D0700D67CAD /* BaseRepository.swift */ = {isa = PBXFileReference; fileEncoding = 4; lastKnownFileType = sourcecode.swift; name = BaseRepository.swift; path = Entity/BaseStorage/BaseRepository.swift; sourceTree = "<group>"; };
		CE64F0BF1F1A1FCE00D67CAD /* RequestBuilder.swift */ = {isa = PBXFileReference; fileEncoding = 4; lastKnownFileType = sourcecode.swift; name = RequestBuilder.swift; path = Entity/BaseStorage/RequestBuilder.swift; sourceTree = "<group>"; };
		CE64F0C21F1A203200D67CAD /* Request.swift */ = {isa = PBXFileReference; fileEncoding = 4; lastKnownFileType = sourcecode.swift; name = Request.swift; path = API/Request.swift; sourceTree = "<group>"; };
		CE64F0C41F1A213600D67CAD /* HTTPMethod.swift */ = {isa = PBXFileReference; fileEncoding = 4; lastKnownFileType = sourcecode.swift; name = HTTPMethod.swift; path = API/HTTPMethod.swift; sourceTree = "<group>"; };
		CE64F0C61F1A221700D67CAD /* VKAPI.swift */ = {isa = PBXFileReference; fileEncoding = 4; lastKnownFileType = sourcecode.swift; name = VKAPI.swift; path = API/VKAPI.swift; sourceTree = "<group>"; };
		CE64F0C81F1A236600D67CAD /* Const+HTTPCode.swift */ = {isa = PBXFileReference; fileEncoding = 4; lastKnownFileType = sourcecode.swift; name = "Const+HTTPCode.swift"; path = "Const/Const+HTTPCode.swift"; sourceTree = "<group>"; };
		CE64F0CA1F1A23A500D67CAD /* LocalError.swift */ = {isa = PBXFileReference; fileEncoding = 4; lastKnownFileType = sourcecode.swift; name = LocalError.swift; path = Entity/Models/LocalError.swift; sourceTree = "<group>"; };
		CE64F0CD1F1A243600D67CAD /* Data+serializeJSON.swift */ = {isa = PBXFileReference; fileEncoding = 4; lastKnownFileType = sourcecode.swift; name = "Data+serializeJSON.swift"; path = "Extensions/Data+serializeJSON.swift"; sourceTree = "<group>"; };
		CE64F0CF1F1A28DA00D67CAD /* ArrayHandler.swift */ = {isa = PBXFileReference; fileEncoding = 4; lastKnownFileType = sourcecode.swift; name = ArrayHandler.swift; path = Entity/Models/ArrayHandler.swift; sourceTree = "<group>"; };
		CE64F0D11F1A297900D67CAD /* NewsLocalStorage.swift */ = {isa = PBXFileReference; fileEncoding = 4; lastKnownFileType = sourcecode.swift; name = NewsLocalStorage.swift; path = Entity/Repository/NewsLocalStorage.swift; sourceTree = "<group>"; };
		CE64F0D51F1A2FDB00D67CAD /* ListCell.swift */ = {isa = PBXFileReference; fileEncoding = 4; lastKnownFileType = sourcecode.swift; path = ListCell.swift; sourceTree = "<group>"; };
		CE64F0D61F1A2FDB00D67CAD /* ListCell.xib */ = {isa = PBXFileReference; fileEncoding = 4; lastKnownFileType = file.xib; path = ListCell.xib; sourceTree = "<group>"; };
		FF0619BEF3DCEC50EC9C3B75 /* ListPresenter.swift */ = {isa = PBXFileReference; includeInIndex = 1; lastKnownFileType = sourcecode.swift; path = ListPresenter.swift; sourceTree = "<group>"; };
/* End PBXFileReference section */

/* Begin PBXFrameworksBuildPhase section */
		CE64F0491F1A0DF300D67CAD /* Frameworks */ = {
			isa = PBXFrameworksBuildPhase;
			buildActionMask = 2147483647;
			files = (
				CE64F07F1F1A13F500D67CAD /* AMScrollingNavbar.framework in Frameworks */,
				CE64F0801F1A13F500D67CAD /* Kingfisher.framework in Frameworks */,
				CE64F0831F1A13F500D67CAD /* Realm.framework in Frameworks */,
				CE64F0841F1A13F500D67CAD /* RealmSwift.framework in Frameworks */,
				CE64F0851F1A13F500D67CAD /* Swinject.framework in Frameworks */,
			);
			runOnlyForDeploymentPostprocessing = 0;
		};
		CE64F05D1F1A0DF400D67CAD /* Frameworks */ = {
			isa = PBXFrameworksBuildPhase;
			buildActionMask = 2147483647;
			files = (
				CE64F08A1F1A14BB00D67CAD /* XCTest.framework in Frameworks */,
				CE64F0871F1A14AC00D67CAD /* Nimble.framework in Frameworks */,
				CE64F0881F1A14AC00D67CAD /* Quick.framework in Frameworks */,
			);
			runOnlyForDeploymentPostprocessing = 0;
		};
/* End PBXFrameworksBuildPhase section */

/* Begin PBXGroup section */
		07F8149FB3AF0AF63BA67270 /* List */ = {
			isa = PBXGroup;
			children = (
				F7AA8B555233BCBF71D356BB /* Configurator */,
				0F394C417B8B2F3640F03ADA /* View */,
				BC17C9E265EE6C19BA1C2B04 /* Interactor */,
				131ADF911D7E75746386FF28 /* Presenter */,
				2AA3B06B4277950249FB4E51 /* Router */,
			);
			path = List;
			sourceTree = "<group>";
		};
		0F394C417B8B2F3640F03ADA /* View */ = {
			isa = PBXGroup;
			children = (
				8DAF9F5AD5089E01D31A50B0 /* ListViewTests.swift */,
			);
			path = View;
			sourceTree = "<group>";
		};
		131ADF911D7E75746386FF28 /* Presenter */ = {
			isa = PBXGroup;
			children = (
				18D65B5CCB2A990F8EE4D66A /* ListPresenterTests.swift */,
			);
			path = Presenter;
			sourceTree = "<group>";
		};
		2AA3B06B4277950249FB4E51 /* Router */ = {
			isa = PBXGroup;
			children = (
				0630DF57174A692E62C796F7 /* ListRouterTests.swift */,
			);
			path = Router;
			sourceTree = "<group>";
		};
		300D96A30810189DC813D4D3 /* Configurator */ = {
			isa = PBXGroup;
			children = (
				6AF329BDEAC31743A79B2AB9 /* ListConfigurator.swift */,
			);
			path = Configurator;
			sourceTree = "<group>";
		};
		35138D93D41CBCA8CBC1E417 /* List */ = {
			isa = PBXGroup;
			children = (
				CF2E5443C50389A8BA1ECACF /* View */,
				3B79B53201F52F7377C02A45 /* Presenter */,
				D2F864F61E3B8F6D9AD2BB53 /* Interactor */,
				D150D99E2E1260D6A4282351 /* Router */,
				300D96A30810189DC813D4D3 /* Configurator */,
			);
			path = List;
			sourceTree = "<group>";
		};
		3B79B53201F52F7377C02A45 /* Presenter */ = {
			isa = PBXGroup;
			children = (
				5B3B76B0B83FB4D9FA1B5258 /* ListModuleInput.swift */,
				FF0619BEF3DCEC50EC9C3B75 /* ListPresenter.swift */,
			);
			path = Presenter;
			sourceTree = "<group>";
		};
		B38C6F0057E7C4F3CDBC3F3F /* Scenes */ = {
			isa = PBXGroup;
			children = (
				07F8149FB3AF0AF63BA67270 /* List */,
			);
			path = Scenes;
			sourceTree = "<group>";
		};
		B3EE118F28CD0EE23A4B4E1A /* Scenes */ = {
			isa = PBXGroup;
			children = (
				35138D93D41CBCA8CBC1E417 /* List */,
			);
			path = Scenes;
			sourceTree = "<group>";
		};
		BC17C9E265EE6C19BA1C2B04 /* Interactor */ = {
			isa = PBXGroup;
			children = (
				35A09736081626020FEF48D8 /* ListInteractorTests.swift */,
			);
			path = Interactor;
			sourceTree = "<group>";
		};
		CE64F0431F1A0DF300D67CAD = {
			isa = PBXGroup;
			children = (
				CE64F04E1F1A0DF300D67CAD /* test */,
				CE64F0631F1A0DF400D67CAD /* testTests */,
				CE64F04D1F1A0DF300D67CAD /* Products */,
				CE64F0771F1A13F500D67CAD /* Frameworks */,
			);
			sourceTree = "<group>";
		};
		CE64F04D1F1A0DF300D67CAD /* Products */ = {
			isa = PBXGroup;
			children = (
				CE64F04C1F1A0DF300D67CAD /* test.app */,
				CE64F0601F1A0DF400D67CAD /* testTests.xctest */,
			);
			name = Products;
			sourceTree = "<group>";
		};
		CE64F04E1F1A0DF300D67CAD /* test */ = {
			isa = PBXGroup;
			children = (
				CE64F0CC1F1A242000D67CAD /* Entensions */,
				CE64F0A41F1A18D600D67CAD /* Const */,
				CE64F0951F1A16AB00D67CAD /* Entity */,
				B3EE118F28CD0EE23A4B4E1A /* Scenes */,
				CE64F08C1F1A151F00D67CAD /* Services */,
				CE64F04F1F1A0DF300D67CAD /* AppDelegate.swift */,
				CE64F0561F1A0DF300D67CAD /* Assets.xcassets */,
				CE64F08D1F1A154B00D67CAD /* MainContainer.swift */,
				CE64F08F1F1A155400D67CAD /* Global.swift */,
				CE64F0911F1A156A00D67CAD /* Localize */,
				CE64F0921F1A157700D67CAD /* Options */,
			);
			path = test;
			sourceTree = "<group>";
		};
		CE64F0631F1A0DF400D67CAD /* testTests */ = {
			isa = PBXGroup;
			children = (
				CE64F0641F1A0DF400D67CAD /* testTests.swift */,
				CE64F0661F1A0DF400D67CAD /* Info.plist */,
				B38C6F0057E7C4F3CDBC3F3F /* Scenes */,
			);
			path = testTests;
			sourceTree = "<group>";
		};
		CE64F0771F1A13F500D67CAD /* Frameworks */ = {
			isa = PBXGroup;
			children = (
				CE64F0891F1A14BB00D67CAD /* XCTest.framework */,
				CE64F0781F1A13F500D67CAD /* AMScrollingNavbar.framework */,
				CE64F0791F1A13F500D67CAD /* Kingfisher.framework */,
				CE64F07A1F1A13F500D67CAD /* Nimble.framework */,
				CE64F07B1F1A13F500D67CAD /* Quick.framework */,
				CE64F07C1F1A13F500D67CAD /* Realm.framework */,
				CE64F07D1F1A13F500D67CAD /* RealmSwift.framework */,
				CE64F07E1F1A13F500D67CAD /* Swinject.framework */,
			);
			name = Frameworks;
			sourceTree = "<group>";
		};
		CE64F08C1F1A151F00D67CAD /* Services */ = {
			isa = PBXGroup;
			children = (
			);
			name = Services;
			sourceTree = "<group>";
		};
		CE64F0911F1A156A00D67CAD /* Localize */ = {
			isa = PBXGroup;
			children = (
				CE64F0941F1A159200D67CAD /* ru.lproj */,
				CE64F0931F1A158B00D67CAD /* en.lproj */,
			);
			name = Localize;
			sourceTree = "<group>";
		};
		CE64F0921F1A157700D67CAD /* Options */ = {
			isa = PBXGroup;
			children = (
				CE64F0581F1A0DF300D67CAD /* LaunchScreen.storyboard */,
				CE64F05B1F1A0DF300D67CAD /* Info.plist */,
			);
			name = Options;
			sourceTree = "<group>";
		};
		CE64F0931F1A158B00D67CAD /* en.lproj */ = {
			isa = PBXGroup;
			children = (
			);
			name = en.lproj;
			sourceTree = "<group>";
		};
		CE64F0941F1A159200D67CAD /* ru.lproj */ = {
			isa = PBXGroup;
			children = (
			);
			name = ru.lproj;
			sourceTree = "<group>";
		};
		CE64F0951F1A16AB00D67CAD /* Entity */ = {
			isa = PBXGroup;
			children = (
				CE64F0C11F1A202100D67CAD /* API */,
				CE64F0B61F1A1CB200D67CAD /* Repository */,
				CE64F09B1F1A174B00D67CAD /* Models */,
				CE64F0961F1A16C500D67CAD /* BaseStorage */,
			);
			name = Entity;
			sourceTree = "<group>";
		};
		CE64F0961F1A16C500D67CAD /* BaseStorage */ = {
			isa = PBXGroup;
			children = (
				CE64F0981F1A16E900D67CAD /* Realm */,
				CE64F0971F1A16E300D67CAD /* Network */,
				CE64F0A01F1A17BB00D67CAD /* Mappable.swift */,
				CE64F0BD1F1A1D0700D67CAD /* BaseRepository.swift */,
				CE64F0BF1F1A1FCE00D67CAD /* RequestBuilder.swift */,
			);
			name = BaseStorage;
			sourceTree = "<group>";
		};
		CE64F0971F1A16E300D67CAD /* Network */ = {
			isa = PBXGroup;
			children = (
				CE64F09C1F1A176700D67CAD /* NetworkService.swift */,
				CE64F09E1F1A178200D67CAD /* NetworkServiceImpl.swift */,
			);
			name = Network;
			sourceTree = "<group>";
		};
		CE64F0981F1A16E900D67CAD /* Realm */ = {
			isa = PBXGroup;
			children = (
				CE64F0A91F1A1AEC00D67CAD /* RealmService.swift */,
				CE64F0AB1F1A1AFA00D67CAD /* RealmServiceImpl.swift */,
			);
			name = Realm;
			sourceTree = "<group>";
		};
		CE64F09B1F1A174B00D67CAD /* Models */ = {
			isa = PBXGroup;
			children = (
				CE64F0AD1F1A1B5400D67CAD /* ListModel */,
				CE64F0A21F1A183700D67CAD /* Result.swift */,
				CE64F0B41F1A1B9500D67CAD /* Mapper.swift */,
				CE64F0CA1F1A23A500D67CAD /* LocalError.swift */,
				CE64F0CF1F1A28DA00D67CAD /* ArrayHandler.swift */,
			);
			name = Models;
			sourceTree = "<group>";
		};
		CE64F0A41F1A18D600D67CAD /* Const */ = {
			isa = PBXGroup;
			children = (
				CE64F0A51F1A18E500D67CAD /* Const.swift */,
				CE64F0A71F1A18F600D67CAD /* Const+Network.swift */,
				CE64F0C81F1A236600D67CAD /* Const+HTTPCode.swift */,
			);
			name = Const;
			sourceTree = "<group>";
		};
		CE64F0AD1F1A1B5400D67CAD /* ListModel */ = {
			isa = PBXGroup;
			children = (
				CE64F0AE1F1A1B6C00D67CAD /* FriendModel.swift */,
				CE64F0B01F1A1B7A00D67CAD /* RFriendModel.swift */,
				CE64F0B21F1A1B8700D67CAD /* FriendModelMapper.swift */,
			);
			name = ListModel;
			sourceTree = "<group>";
		};
		CE64F0B61F1A1CB200D67CAD /* Repository */ = {
			isa = PBXGroup;
			children = (
				CE64F0B91F1A1CD200D67CAD /* ListRepository.swift */,
				CE64F0D11F1A297900D67CAD /* NewsLocalStorage.swift */,
			);
			name = Repository;
			sourceTree = "<group>";
		};
		CE64F0C11F1A202100D67CAD /* API */ = {
			isa = PBXGroup;
			children = (
				CE64F0C21F1A203200D67CAD /* Request.swift */,
				CE64F0C41F1A213600D67CAD /* HTTPMethod.swift */,
				CE64F0C61F1A221700D67CAD /* VKAPI.swift */,
			);
			name = API;
			sourceTree = "<group>";
		};
		CE64F0CC1F1A242000D67CAD /* Entensions */ = {
			isa = PBXGroup;
			children = (
				CE64F0CD1F1A243600D67CAD /* Data+serializeJSON.swift */,
			);
			name = Entensions;
			sourceTree = "<group>";
		};
		CF2E5443C50389A8BA1ECACF /* View */ = {
			isa = PBXGroup;
			children = (
				91E6C8AF9B866BDCB4E86373 /* ListViewInput.swift */,
				4B83F1760F861F1DD446C298 /* ListViewOutput.swift */,
				286068DB280E7F25C1F5C823 /* ListViewController.swift */,
				6A52E8CACA5C91A994329F4D /* ListViewController.xib */,
				CE64F0D51F1A2FDB00D67CAD /* ListCell.swift */,
				CE64F0D61F1A2FDB00D67CAD /* ListCell.xib */,
			);
			path = View;
			sourceTree = "<group>";
		};
		D150D99E2E1260D6A4282351 /* Router */ = {
			isa = PBXGroup;
			children = (
				0D5FBAECD2AB79F4EE49A52E /* ListRouterInput.swift */,
				B02EB539621A6EEA00A056E8 /* ListRouter.swift */,
			);
			path = Router;
			sourceTree = "<group>";
		};
		D2F864F61E3B8F6D9AD2BB53 /* Interactor */ = {
			isa = PBXGroup;
			children = (
				944DE606CB0611CBECC28D90 /* ListInteractorInput.swift */,
				5F168059357DF6F88120BD85 /* ListInteractorOutput.swift */,
				71AEACDB440AFCB09440EA2E /* ListInteractor.swift */,
			);
			path = Interactor;
			sourceTree = "<group>";
		};
		F7AA8B555233BCBF71D356BB /* Configurator */ = {
			isa = PBXGroup;
			children = (
				780E93DF2D9A258CBCC75CA7 /* ListConfiguratorTests.swift */,
			);
			path = Configurator;
			sourceTree = "<group>";
		};
/* End PBXGroup section */

/* Begin PBXNativeTarget section */
		CE64F04B1F1A0DF300D67CAD /* test */ = {
			isa = PBXNativeTarget;
			buildConfigurationList = CE64F0691F1A0DF400D67CAD /* Build configuration list for PBXNativeTarget "test" */;
			buildPhases = (
				CE64F0481F1A0DF300D67CAD /* Sources */,
				CE64F0861F1A140E00D67CAD /* Carthage Run Script */,
				CE64F0491F1A0DF300D67CAD /* Frameworks */,
				CE64F04A1F1A0DF300D67CAD /* Resources */,
			);
			buildRules = (
			);
			dependencies = (
			);
			name = test;
			productName = test;
			productReference = CE64F04C1F1A0DF300D67CAD /* test.app */;
			productType = "com.apple.product-type.application";
		};
		CE64F05F1F1A0DF400D67CAD /* testTests */ = {
			isa = PBXNativeTarget;
			buildConfigurationList = CE64F06C1F1A0DF400D67CAD /* Build configuration list for PBXNativeTarget "testTests" */;
			buildPhases = (
				CE64F05C1F1A0DF400D67CAD /* Sources */,
				CE64F05D1F1A0DF400D67CAD /* Frameworks */,
				CE64F05E1F1A0DF400D67CAD /* Resources */,
				CE64F08B1F1A14D300D67CAD /* Carthage Run Script */,
			);
			buildRules = (
			);
			dependencies = (
				CE64F0621F1A0DF400D67CAD /* PBXTargetDependency */,
			);
			name = testTests;
			productName = testTests;
			productReference = CE64F0601F1A0DF400D67CAD /* testTests.xctest */;
			productType = "com.apple.product-type.bundle.unit-test";
		};
/* End PBXNativeTarget section */

/* Begin PBXProject section */
		CE64F0441F1A0DF300D67CAD /* Project object */ = {
			isa = PBXProject;
			attributes = {
				LastSwiftUpdateCheck = 0830;
				LastUpgradeCheck = 0830;
				ORGANIZATIONNAME = "chameleon production";
				TargetAttributes = {
					CE64F04B1F1A0DF300D67CAD = {
						CreatedOnToolsVersion = 8.3.2;
						ProvisioningStyle = Automatic;
					};
					CE64F05F1F1A0DF400D67CAD = {
						CreatedOnToolsVersion = 8.3.2;
						ProvisioningStyle = Automatic;
						TestTargetID = CE64F04B1F1A0DF300D67CAD;
					};
				};
			};
			buildConfigurationList = CE64F0471F1A0DF300D67CAD /* Build configuration list for PBXProject "test" */;
			compatibilityVersion = "Xcode 3.2";
			developmentRegion = English;
			hasScannedForEncodings = 0;
			knownRegions = (
				en,
				Base,
			);
			mainGroup = CE64F0431F1A0DF300D67CAD;
			productRefGroup = CE64F04D1F1A0DF300D67CAD /* Products */;
			projectDirPath = "";
			projectRoot = "";
			targets = (
				CE64F04B1F1A0DF300D67CAD /* test */,
				CE64F05F1F1A0DF400D67CAD /* testTests */,
			);
		};
/* End PBXProject section */

/* Begin PBXResourcesBuildPhase section */
		CE64F04A1F1A0DF300D67CAD /* Resources */ = {
			isa = PBXResourcesBuildPhase;
			buildActionMask = 2147483647;
			files = (
				CE64F05A1F1A0DF300D67CAD /* LaunchScreen.storyboard in Resources */,
				CE64F0D81F1A2FDB00D67CAD /* ListCell.xib in Resources */,
				CE64F0571F1A0DF300D67CAD /* Assets.xcassets in Resources */,
				754A8FB24172E64267E58AE5 /* ListViewController.xib in Resources */,
			);
			runOnlyForDeploymentPostprocessing = 0;
		};
		CE64F05E1F1A0DF400D67CAD /* Resources */ = {
			isa = PBXResourcesBuildPhase;
			buildActionMask = 2147483647;
			files = (
			);
			runOnlyForDeploymentPostprocessing = 0;
		};
/* End PBXResourcesBuildPhase section */

/* Begin PBXShellScriptBuildPhase section */
		CE64F0861F1A140E00D67CAD /* Carthage Run Script */ = {
			isa = PBXShellScriptBuildPhase;
			buildActionMask = 2147483647;
			files = (
			);
			inputPaths = (
				"$(SRCROOT)/Carthage/Build/iOS/Swinject.framework",
				"$(SRCROOT)/Carthage/Build/iOS/Realm.framework",
				"$(SRCROOT)/Carthage/Build/iOS/RealmSwift.framework",
				"$(SRCROOT)/Carthage/Build/iOS/Kingfisher.framework",
				"$(SRCROOT)/Carthage/Build/iOS/AMScrollingNavbar.framework",
			);
			name = "Carthage Run Script";
			outputPaths = (
			);
			runOnlyForDeploymentPostprocessing = 0;
			shellPath = /bin/sh;
			shellScript = "/usr/local/bin/carthage copy-frameworks";
		};
		CE64F08B1F1A14D300D67CAD /* Carthage Run Script */ = {
			isa = PBXShellScriptBuildPhase;
			buildActionMask = 2147483647;
			files = (
			);
			inputPaths = (
				"$(SRCROOT)/Carthage/Build/iOS/Nimble.framework",
				"$(SRCROOT)/Carthage/Build/iOS/Quick.framework",
			);
			name = "Carthage Run Script";
			outputPaths = (
			);
			runOnlyForDeploymentPostprocessing = 0;
			shellPath = /bin/sh;
			shellScript = "/usr/local/bin/carthage copy-frameworks";
		};
/* End PBXShellScriptBuildPhase section */

/* Begin PBXSourcesBuildPhase section */
		CE64F0481F1A0DF300D67CAD /* Sources */ = {
			isa = PBXSourcesBuildPhase;
			buildActionMask = 2147483647;
			files = (
				CE64F0501F1A0DF300D67CAD /* AppDelegate.swift in Sources */,
				CE64F0C71F1A221700D67CAD /* VKAPI.swift in Sources */,
				CE64F0A61F1A18E500D67CAD /* Const.swift in Sources */,
				CE64F0A11F1A17BB00D67CAD /* Mappable.swift in Sources */,
				CE64F0A31F1A183700D67CAD /* Result.swift in Sources */,
				CE64F0B31F1A1B8700D67CAD /* FriendModelMapper.swift in Sources */,
				CE64F0D01F1A28DA00D67CAD /* ArrayHandler.swift in Sources */,
				CE64F0A81F1A18F600D67CAD /* Const+Network.swift in Sources */,
				CE64F0B51F1A1B9500D67CAD /* Mapper.swift in Sources */,
				CE64F0C91F1A236600D67CAD /* Const+HTTPCode.swift in Sources */,
				CE64F0C31F1A203200D67CAD /* Request.swift in Sources */,
				CE64F09D1F1A176700D67CAD /* NetworkService.swift in Sources */,
				CE64F09F1F1A178200D67CAD /* NetworkServiceImpl.swift in Sources */,
				CE64F0CB1F1A23A500D67CAD /* LocalError.swift in Sources */,
				CE64F0D21F1A297900D67CAD /* NewsLocalStorage.swift in Sources */,
				CE64F0C01F1A1FCE00D67CAD /* RequestBuilder.swift in Sources */,
				CE64F0BE1F1A1D0700D67CAD /* BaseRepository.swift in Sources */,
				CE64F08E1F1A154B00D67CAD /* MainContainer.swift in Sources */,
				CE64F0901F1A155400D67CAD /* Global.swift in Sources */,
				0B65826E75C14B5D4D07F5E1 /* ListViewInput.swift in Sources */,
				CE64F0B11F1A1B7A00D67CAD /* RFriendModel.swift in Sources */,
				CE64F0BA1F1A1CD200D67CAD /* ListRepository.swift in Sources */,
				91FFE0E2334C5DC5D9249336 /* ListViewOutput.swift in Sources */,
				CE64F0D71F1A2FDB00D67CAD /* ListCell.swift in Sources */,
				CE64F0AC1F1A1AFA00D67CAD /* RealmServiceImpl.swift in Sources */,
				17777FF0096FB4F951EED00F /* ListViewController.swift in Sources */,
				CE64F0C51F1A213600D67CAD /* HTTPMethod.swift in Sources */,
				CE64F0AF1F1A1B6C00D67CAD /* FriendModel.swift in Sources */,
				CE64F0CE1F1A243600D67CAD /* Data+serializeJSON.swift in Sources */,
				DFD5B3829D3C991B1293F92B /* ListModuleInput.swift in Sources */,
				5381F2B666783256BF95456C /* ListPresenter.swift in Sources */,
				679C8FCEB292A751115E9A61 /* ListInteractorInput.swift in Sources */,
				5A96C7BA5988B25D1D263344 /* ListInteractorOutput.swift in Sources */,
				CE64F0AA1F1A1AEC00D67CAD /* RealmService.swift in Sources */,
				051AEC57FB693E0A2EE06D25 /* ListInteractor.swift in Sources */,
				37BE848A19EEC6D43ADE41A8 /* ListRouterInput.swift in Sources */,
				23CC4CA3BDE5C4510FE9F466 /* ListRouter.swift in Sources */,
				4F215EDC0245FEBE6EE8F738 /* ListConfigurator.swift in Sources */,
			);
			runOnlyForDeploymentPostprocessing = 0;
		};
		CE64F05C1F1A0DF400D67CAD /* Sources */ = {
			isa = PBXSourcesBuildPhase;
			buildActionMask = 2147483647;
			files = (
				CE64F0651F1A0DF400D67CAD /* testTests.swift in Sources */,
				5E7CDC0BCB56BB63A9BA7AE2 /* ListConfiguratorTests.swift in Sources */,
				DB0421F9BC61237A773B8C3F /* ListViewTests.swift in Sources */,
				F819957618FBEC1CBB660B40 /* ListInteractorTests.swift in Sources */,
				00B4CF3C873F959FED3F5DE1 /* ListPresenterTests.swift in Sources */,
				55348B37FFACDB0C7AA15837 /* ListRouterTests.swift in Sources */,
			);
			runOnlyForDeploymentPostprocessing = 0;
		};
/* End PBXSourcesBuildPhase section */

/* Begin PBXTargetDependency section */
		CE64F0621F1A0DF400D67CAD /* PBXTargetDependency */ = {
			isa = PBXTargetDependency;
			target = CE64F04B1F1A0DF300D67CAD /* test */;
			targetProxy = CE64F0611F1A0DF400D67CAD /* PBXContainerItemProxy */;
		};
/* End PBXTargetDependency section */

/* Begin PBXVariantGroup section */
		CE64F0581F1A0DF300D67CAD /* LaunchScreen.storyboard */ = {
			isa = PBXVariantGroup;
			children = (
				CE64F0591F1A0DF300D67CAD /* Base */,
			);
			name = LaunchScreen.storyboard;
			sourceTree = "<group>";
		};
/* End PBXVariantGroup section */

/* Begin XCBuildConfiguration section */
		CE64F0671F1A0DF400D67CAD /* Debug */ = {
			isa = XCBuildConfiguration;
			buildSettings = {
				ALWAYS_SEARCH_USER_PATHS = NO;
				CLANG_ANALYZER_NONNULL = YES;
				CLANG_ANALYZER_NUMBER_OBJECT_CONVERSION = YES_AGGRESSIVE;
				CLANG_CXX_LANGUAGE_STANDARD = "gnu++0x";
				CLANG_CXX_LIBRARY = "libc++";
				CLANG_ENABLE_MODULES = YES;
				CLANG_ENABLE_OBJC_ARC = YES;
				CLANG_WARN_BOOL_CONVERSION = YES;
				CLANG_WARN_CONSTANT_CONVERSION = YES;
				CLANG_WARN_DIRECT_OBJC_ISA_USAGE = YES_ERROR;
				CLANG_WARN_DOCUMENTATION_COMMENTS = YES;
				CLANG_WARN_EMPTY_BODY = YES;
				CLANG_WARN_ENUM_CONVERSION = YES;
				CLANG_WARN_INFINITE_RECURSION = YES;
				CLANG_WARN_INT_CONVERSION = YES;
				CLANG_WARN_OBJC_ROOT_CLASS = YES_ERROR;
				CLANG_WARN_SUSPICIOUS_MOVE = YES;
				CLANG_WARN_UNREACHABLE_CODE = YES;
				CLANG_WARN__DUPLICATE_METHOD_MATCH = YES;
				"CODE_SIGN_IDENTITY[sdk=iphoneos*]" = "iPhone Developer";
				COPY_PHASE_STRIP = NO;
				DEBUG_INFORMATION_FORMAT = dwarf;
				ENABLE_STRICT_OBJC_MSGSEND = YES;
				ENABLE_TESTABILITY = YES;
				GCC_C_LANGUAGE_STANDARD = gnu99;
				GCC_DYNAMIC_NO_PIC = NO;
				GCC_NO_COMMON_BLOCKS = YES;
				GCC_OPTIMIZATION_LEVEL = 0;
				GCC_PREPROCESSOR_DEFINITIONS = (
					"DEBUG=1",
					"$(inherited)",
				);
				GCC_WARN_64_TO_32_BIT_CONVERSION = YES;
				GCC_WARN_ABOUT_RETURN_TYPE = YES_ERROR;
				GCC_WARN_UNDECLARED_SELECTOR = YES;
				GCC_WARN_UNINITIALIZED_AUTOS = YES_AGGRESSIVE;
				GCC_WARN_UNUSED_FUNCTION = YES;
				GCC_WARN_UNUSED_VARIABLE = YES;
				IPHONEOS_DEPLOYMENT_TARGET = 10.3;
				MTL_ENABLE_DEBUG_INFO = YES;
				ONLY_ACTIVE_ARCH = YES;
				SDKROOT = iphoneos;
				SWIFT_ACTIVE_COMPILATION_CONDITIONS = DEBUG;
				SWIFT_OPTIMIZATION_LEVEL = "-Onone";
				TARGETED_DEVICE_FAMILY = "1,2";
			};
			name = Debug;
		};
		CE64F0681F1A0DF400D67CAD /* Release */ = {
			isa = XCBuildConfiguration;
			buildSettings = {
				ALWAYS_SEARCH_USER_PATHS = NO;
				CLANG_ANALYZER_NONNULL = YES;
				CLANG_ANALYZER_NUMBER_OBJECT_CONVERSION = YES_AGGRESSIVE;
				CLANG_CXX_LANGUAGE_STANDARD = "gnu++0x";
				CLANG_CXX_LIBRARY = "libc++";
				CLANG_ENABLE_MODULES = YES;
				CLANG_ENABLE_OBJC_ARC = YES;
				CLANG_WARN_BOOL_CONVERSION = YES;
				CLANG_WARN_CONSTANT_CONVERSION = YES;
				CLANG_WARN_DIRECT_OBJC_ISA_USAGE = YES_ERROR;
				CLANG_WARN_DOCUMENTATION_COMMENTS = YES;
				CLANG_WARN_EMPTY_BODY = YES;
				CLANG_WARN_ENUM_CONVERSION = YES;
				CLANG_WARN_INFINITE_RECURSION = YES;
				CLANG_WARN_INT_CONVERSION = YES;
				CLANG_WARN_OBJC_ROOT_CLASS = YES_ERROR;
				CLANG_WARN_SUSPICIOUS_MOVE = YES;
				CLANG_WARN_UNREACHABLE_CODE = YES;
				CLANG_WARN__DUPLICATE_METHOD_MATCH = YES;
				"CODE_SIGN_IDENTITY[sdk=iphoneos*]" = "iPhone Developer";
				COPY_PHASE_STRIP = NO;
				DEBUG_INFORMATION_FORMAT = "dwarf-with-dsym";
				ENABLE_NS_ASSERTIONS = NO;
				ENABLE_STRICT_OBJC_MSGSEND = YES;
				GCC_C_LANGUAGE_STANDARD = gnu99;
				GCC_NO_COMMON_BLOCKS = YES;
				GCC_WARN_64_TO_32_BIT_CONVERSION = YES;
				GCC_WARN_ABOUT_RETURN_TYPE = YES_ERROR;
				GCC_WARN_UNDECLARED_SELECTOR = YES;
				GCC_WARN_UNINITIALIZED_AUTOS = YES_AGGRESSIVE;
				GCC_WARN_UNUSED_FUNCTION = YES;
				GCC_WARN_UNUSED_VARIABLE = YES;
				IPHONEOS_DEPLOYMENT_TARGET = 10.3;
				MTL_ENABLE_DEBUG_INFO = NO;
				SDKROOT = iphoneos;
				SWIFT_OPTIMIZATION_LEVEL = "-Owholemodule";
				TARGETED_DEVICE_FAMILY = "1,2";
				VALIDATE_PRODUCT = YES;
			};
			name = Release;
		};
		CE64F06A1F1A0DF400D67CAD /* Debug */ = {
			isa = XCBuildConfiguration;
			buildSettings = {
				ASSETCATALOG_COMPILER_APPICON_NAME = AppIcon;
				FRAMEWORK_SEARCH_PATHS = (
					"$(inherited)",
					"$(PROJECT_DIR)/Carthage/Build/iOS",
				);
				INFOPLIST_FILE = test/Info.plist;
				LD_RUNPATH_SEARCH_PATHS = "$(inherited) @executable_path/Frameworks";
				PRODUCT_BUNDLE_IDENTIFIER = anton.skorodumov.test;
				PRODUCT_NAME = "$(TARGET_NAME)";
				SWIFT_VERSION = 3.0;
			};
			name = Debug;
		};
		CE64F06B1F1A0DF400D67CAD /* Release */ = {
			isa = XCBuildConfiguration;
			buildSettings = {
				ASSETCATALOG_COMPILER_APPICON_NAME = AppIcon;
				FRAMEWORK_SEARCH_PATHS = (
					"$(inherited)",
					"$(PROJECT_DIR)/Carthage/Build/iOS",
				);
				INFOPLIST_FILE = test/Info.plist;
				LD_RUNPATH_SEARCH_PATHS = "$(inherited) @executable_path/Frameworks";
				PRODUCT_BUNDLE_IDENTIFIER = anton.skorodumov.test;
				PRODUCT_NAME = "$(TARGET_NAME)";
				SWIFT_VERSION = 3.0;
			};
			name = Release;
		};
		CE64F06D1F1A0DF400D67CAD /* Debug */ = {
			isa = XCBuildConfiguration;
			buildSettings = {
				ALWAYS_EMBED_SWIFT_STANDARD_LIBRARIES = YES;
				BUNDLE_LOADER = "$(TEST_HOST)";
				FRAMEWORK_SEARCH_PATHS = (
					"$(inherited)",
					"$(PROJECT_DIR)/Carthage/Build/iOS",
				);
				INFOPLIST_FILE = testTests/Info.plist;
				LD_RUNPATH_SEARCH_PATHS = "$(inherited) @executable_path/Frameworks @loader_path/Frameworks";
				PRODUCT_BUNDLE_IDENTIFIER = anton.skorodumov.testTests;
				PRODUCT_NAME = "$(TARGET_NAME)";
				SWIFT_VERSION = 3.0;
				TEST_HOST = "$(BUILT_PRODUCTS_DIR)/test.app/test";
			};
			name = Debug;
		};
		CE64F06E1F1A0DF400D67CAD /* Release */ = {
			isa = XCBuildConfiguration;
			buildSettings = {
				ALWAYS_EMBED_SWIFT_STANDARD_LIBRARIES = YES;
				BUNDLE_LOADER = "$(TEST_HOST)";
				FRAMEWORK_SEARCH_PATHS = (
					"$(inherited)",
					"$(PROJECT_DIR)/Carthage/Build/iOS",
				);
				INFOPLIST_FILE = testTests/Info.plist;
				LD_RUNPATH_SEARCH_PATHS = "$(inherited) @executable_path/Frameworks @loader_path/Frameworks";
				PRODUCT_BUNDLE_IDENTIFIER = anton.skorodumov.testTests;
				PRODUCT_NAME = "$(TARGET_NAME)";
				SWIFT_VERSION = 3.0;
				TEST_HOST = "$(BUILT_PRODUCTS_DIR)/test.app/test";
			};
			name = Release;
		};
/* End XCBuildConfiguration section */

/* Begin XCConfigurationList section */
		CE64F0471F1A0DF300D67CAD /* Build configuration list for PBXProject "test" */ = {
			isa = XCConfigurationList;
			buildConfigurations = (
				CE64F0671F1A0DF400D67CAD /* Debug */,
				CE64F0681F1A0DF400D67CAD /* Release */,
			);
			defaultConfigurationIsVisible = 0;
			defaultConfigurationName = Release;
		};
		CE64F0691F1A0DF400D67CAD /* Build configuration list for PBXNativeTarget "test" */ = {
			isa = XCConfigurationList;
			buildConfigurations = (
				CE64F06A1F1A0DF400D67CAD /* Debug */,
				CE64F06B1F1A0DF400D67CAD /* Release */,
			);
			defaultConfigurationIsVisible = 0;
			defaultConfigurationName = Release;
		};
		CE64F06C1F1A0DF400D67CAD /* Build configuration list for PBXNativeTarget "testTests" */ = {
			isa = XCConfigurationList;
			buildConfigurations = (
				CE64F06D1F1A0DF400D67CAD /* Debug */,
				CE64F06E1F1A0DF400D67CAD /* Release */,
			);
			defaultConfigurationIsVisible = 0;
			defaultConfigurationName = Release;
		};
/* End XCConfigurationList section */
	};
	rootObject = CE64F0441F1A0DF300D67CAD /* Project object */;
}
